
Microsoft Visual Studio Solution File, Format Version 12.00
# Visual Studio Version 17
VisualStudioVersion = 17.1.32210.238
MinimumVisualStudioVersion = 10.0.40219.1
Project("{9A19103F-16F7-4668-BE54-9A1E7A4F7556}") = "GeekBurguer.Products", "GeekBurguer.Products\GeekBurguer.Products.csproj", "{6C06E2AE-E4C2-4730-A8AF-58CF3122899B}"
EndProject
Project("{9A19103F-16F7-4668-BE54-9A1E7A4F7556}") = "GeekBurguer.Products.Contract", "GeekBurguer.Products.Contract\GeekBurguer.Products.Contract.csproj", "{F1050737-6871-4312-AE87-5273100EE079}"
EndProject
Global
	GlobalSection(SolutionConfigurationPlatforms) = preSolution
		Debug|Any CPU = Debug|Any CPU
		Release|Any CPU = Release|Any CPU
	EndGlobalSection
	GlobalSection(ProjectConfigurationPlatforms) = postSolution
		{6C06E2AE-E4C2-4730-A8AF-58CF3122899B}.Debug|Any CPU.ActiveCfg = Debug|Any CPU
		{6C06E2AE-E4C2-4730-A8AF-58CF3122899B}.Debug|Any CPU.Build.0 = Debug|Any CPU
		{6C06E2AE-E4C2-4730-A8AF-58CF3122899B}.Release|Any CPU.ActiveCfg = Release|Any CPU
		{6C06E2AE-E4C2-4730-A8AF-58CF3122899B}.Release|Any CPU.Build.0 = Release|Any CPU
		{F1050737-6871-4312-AE87-5273100EE079}.Debug|Any CPU.ActiveCfg = Debug|Any CPU
		{F1050737-6871-4312-AE87-5273100EE079}.Debug|Any CPU.Build.0 = Debug|Any CPU
		{F1050737-6871-4312-AE87-5273100EE079}.Release|Any CPU.ActiveCfg = Release|Any CPU
		{F1050737-6871-4312-AE87-5273100EE079}.Release|Any CPU.Build.0 = Release|Any CPU
	EndGlobalSection
	GlobalSection(SolutionProperties) = preSolution
		HideSolutionNode = FALSE
	EndGlobalSection
	GlobalSection(ExtensibilityGlobals) = postSolution
		SolutionGuid = {58D2511A-B7E6-4BA8-AC3C-00B40954101D}
	EndGlobalSection
EndGlobal
